{
  "name": "taskflow-client",
  "version": "1.0.0",
  "lockfileVersion": 3,
  "requires": true,
  "packages": {
    "": {
      "name": "taskflow-client",
      "version": "1.0.0",
      "license": "ISC",
      "dependencies": {
        "@supabase/supabase-js": "^2.104.0",
        "dotenv": "^17.4.2",
        "uploadthing": "^7.7.4"
      }
    },
    "node_modules/@effect/platform": {
      "version": "0.90.3",
      "resolved": "https://registry.npmjs.org/@effect/platform/-/platform-0.90.3.tgz",
      "integrity": "sha512-XvQ37yzWQKih4Du2CYladd1i/MzqtgkTPNCaN6Ku6No4CK83hDtXIV/rP03nEoBg2R3Pqgz6gGWmE2id2G81HA==",
      "license": "MIT",
      "dependencies": {
        "@opentelemetry/semantic-conventions": "^1.33.0",
        "find-my-way-ts": "^0.1.6",
        "msgpackr": "^1.11.4",
        "multipasta": "^0.2.7"
      },
      "peerDependencies": {
        "effect": "^3.17.7"
      }
    },
    "node_modules/@msgpackr-extract/msgpackr-extract-darwin-arm64": {
      "version": "3.0.3",
      "resolved": "https://registry.npmjs.org/@msgpackr-extract/msgpackr-extract-darwin-arm64/-/msgpackr-extract-darwin-arm64-3.0.3.tgz",
      "integrity": "sha512-QZHtlVgbAdy2zAqNA9Gu1UpIuI8Xvsd1v8ic6B2pZmeFnFcMWiPLfWXh7TVw4eGEZ/C9TH281KwhVoeQUKbyjw==",
      "cpu": [
        "arm64"
      ],
      "license": "MIT",
      "optional": true,
      "os": [
        "darwin"
      ]
    },
    "node_modules/@msgpackr-extract/msgpackr-extract-darwin-x64": {
      "version": "3.0.3",
      "resolved": "https://registry.npmjs.org/@msgpackr-extract/msgpackr-extract-darwin-x64/-/msgpackr-extract-darwin-x64-3.0.3.tgz",
      "integrity": "sha512-mdzd3AVzYKuUmiWOQ8GNhl64/IoFGol569zNRdkLReh6LRLHOXxU4U8eq0JwaD8iFHdVGqSy4IjFL4reoWCDFw==",
      "cpu": [
        "x64"
      ],
      "license": "MIT",
      "optional": true,
      "os": [
        "darwin"
      ]
    },
    "node_modules/@msgpackr-extract/msgpackr-extract-linux-arm": {
      "version": "3.0.3",
      "resolved": "https://registry.npmjs.org/@msgpackr-extract/msgpackr-extract-linux-arm/-/msgpackr-extract-linux-arm-3.0.3.tgz",
      "integrity": "sha512-fg0uy/dG/nZEXfYilKoRe7yALaNmHoYeIoJuJ7KJ+YyU2bvY8vPv27f7UKhGRpY6euFYqEVhxCFZgAUNQBM3nw==",
      "cpu": [
        "arm"
      ],
      "license": "MIT",
      "optional": true,
      "os": [
        "linux"
      ]
    },
    "node_modules/@msgpackr-extract/msgpackr-extract-linux-arm64": {
      "version": "3.0.3",
      "resolved": "https://registry.npmjs.org/@msgpackr-extract/msgpackr-extract-linux-arm64/-/msgpackr-extract-linux-arm64-3.0.3.tgz",
      "integrity": "sha512-YxQL+ax0XqBJDZiKimS2XQaf+2wDGVa1enVRGzEvLLVFeqa5kx2bWbtcSXgsxjQB7nRqqIGFIcLteF/sHeVtQg==",
      "cpu": [
        "arm64"
      ],
      "license": "MIT",
      "optional": true,
      "os": [
        "linux"
      ]
    },
    "node_modules/@msgpackr-extract/msgpackr-extract-linux-x64": {
      "version": "3.0.3",
      "resolved": "https://registry.npmjs.org/@msgpackr-extract/msgpackr-extract-linux-x64/-/msgpackr-extract-linux-x64-3.0.3.tgz",
      "integrity": "sha512-cvwNfbP07pKUfq1uH+S6KJ7dT9K8WOE4ZiAcsrSes+UY55E/0jLYc+vq+DO7jlmqRb5zAggExKm0H7O/CBaesg==",
      "cpu": [
        "x64"
      ],
      "license": "MIT",
      "optional": true,
      "os": [
        "linux"
      ]
    },
    "node_modules/@msgpackr-extract/msgpackr-extract-win32-x64": {
      "version": "3.0.3",
      "resolved": "https://registry.npmjs.org/@msgpackr-extract/msgpackr-extract-win32-x64/-/msgpackr-extract-win32-x64-3.0.3.tgz",
      "integrity": "sha512-x0fWaQtYp4E6sktbsdAqnehxDgEc/VwM7uLsRCYWaiGu0ykYdZPiS8zCWdnjHwyiumousxfBm4SO31eXqwEZhQ==",
      "cpu": [
        "x64"
      ],
      "license": "MIT",
      "optional": true,
      "os": [
        "win32"
      ]
    },
    "node_modules/@opentelemetry/semantic-conventions": {
      "version": "1.40.0",
      "resolved": "https://registry.npmjs.org/@opentelemetry/semantic-conventions/-/semantic-conventions-1.40.0.tgz",
      "integrity": "sha512-cifvXDhcqMwwTlTK04GBNeIe7yyo28Mfby85QXFe1Yk8nmi36Ab/5UQwptOx84SsoGNRg+EVSjwzfSZMy6pmlw==",
      "license": "Apache-2.0",
      "engines": {
        "node": ">=14"
      }
    },
    "node_modules/@standard-schema/spec": {
      "version": "1.0.0-beta.4",
      "resolved": "https://registry.npmjs.org/@standard-schema/spec/-/spec-1.0.0-beta.4.tgz",
      "integrity": "sha512-d3IxtzLo7P1oZ8s8YNvxzBUXRXojSut8pbPrTYtzsc5sn4+53jVqbk66pQerSZbZSJZQux6LkclB/+8IDordHg==",
      "license": "MIT"
    },
    "node_modules/@supabase/auth-js": {
      "version": "2.104.0",
      "resolved": "https://registry.npmjs.org/@supabase/auth-js/-/auth-js-2.104.0.tgz",
      "integrity": "sha512-Vs0ndL+s5an7rOmXtS/nbYnGXL8m+KXlCSrPIcw9bR96ma6qyLYILnE6syuM+rpDnf+Tg4PVNxNB2+oDwoy6mA==",
      "license": "MIT",
      "dependencies": {
        "tslib": "2.8.1"
      },
      "engines": {
        "node": ">=20.0.0"
      }
    },
    "node_modules/@supabase/functions-js": {
      "version": "2.104.0",
      "resolved": "https://registry.npmjs.org/@supabase/functions-js/-/functions-js-2.104.0.tgz",
      "integrity": "sha512-O8EyEz/RT1kfWhyJNpVc/VbLeBsohHGBVif/CI83zoMB+Iul/t/NIekH1/7RsH6kuO+b2D4wJhfiaW8Qr47sRg==",
      "license": "MIT",
      "dependencies": {
        "tslib": "2.8.1"
      },
      "engines": {
        "node": ">=20.0.0"
      }
    },
    "node_modules/@supabase/phoenix": {
      "version": "0.4.0",
      "resolved": "https://registry.npmjs.org/@supabase/phoenix/-/phoenix-0.4.0.tgz",
      "integrity": "sha512-RHSx8bHS02xwfHdAbX5Lpbo6PXbgyf7lTaXTlwtFDPwOIw64NnVRwFAXGojHhjtVYI+PEPNSWwkL90f4agN3bw==",
      "license": "MIT"
    },
    "node_modules/@supabase/postgrest-js": {
      "version": "2.104.0",
      "resolved": "https://registry.npmjs.org/@supabase/postgrest-js/-/postgrest-js-2.104.0.tgz",
      "integrity": "sha512-ynylEq6wduQEycj6pL3P+/yIfDQ+CTnBC5I6p+PzcAO2ybj9coAITVtMfboi+g/dacgMslN5MH73rXsRMB29+Q==",
      "license": "MIT",
      "dependencies": {
        "tslib": "2.8.1"
      },
      "engines": {
        "node": ">=20.0.0"
      }
    },
    "node_modules/@supabase/realtime-js": {
      "version": "2.104.0",
      "resolved": "https://registry.npmjs.org/@supabase/realtime-js/-/realtime-js-2.104.0.tgz",
      "integrity": "sha512-9fUVDoTVAhn7a79+AmEx+asUlRtf2yBrji7TQckcKn/WK4hvAA9Lia9er+lnhuz3WNiF1x6kkA4x7bRCJrU+KA==",
      "license": "MIT",
      "dependencies": {
        "@supabase/phoenix": "^0.4.0",
        "@types/ws": "^8.18.1",
        "tslib": "2.8.1",
        "ws": "^8.18.2"
      },
      "engines": {
        "node": ">=20.0.0"
      }
    },
    "node_modules/@supabase/storage-js": {
      "version": "2.104.0",
      "resolved": "https://registry.npmjs.org/@supabase/storage-js/-/storage-js-2.104.0.tgz",
      "integrity": "sha512-s2NHtuAWb9nldJ/fS62WnJE6edvCWn31rrO+FJKlAohs99qdVgtLegUReTU2H9WnZiQlVqaBtu386wt6/6lrRw==",
      "license": "MIT",
      "dependencies": {
        "iceberg-js": "^0.8.1",
        "tslib": "2.8.1"
      },
      "engines": {
        "node": ">=20.0.0"
      }
    },
    "node_modules/@supabase/supabase-js": {
      "version": "2.104.0",
      "resolved": "https://registry.npmjs.org/@supabase/supabase-js/-/supabase-js-2.104.0.tgz",
      "integrity": "sha512-hILwhIjCB53G31jlHUe73NDEmrXudcjcYlVRuvNfEhzf0gyFQaFf7j6rd1UGmYZkFMOg//DFE8Iy9ZbNEgosVw==",
      "license": "MIT",
      "dependencies": {
        "@supabase/auth-js": "2.104.0",
        "@supabase/functions-js": "2.104.0",
        "@supabase/postgrest-js": "2.104.0",
        "@supabase/realtime-js": "2.104.0",
        "@supabase/storage-js": "2.104.0"
      },
      "engines": {
        "node": ">=20.0.0"
      }
    },
    "node_modules/@types/node": {
      "version": "25.6.0",
      "resolved": "https://registry.npmjs.org/@types/node/-/node-25.6.0.tgz",
      "integrity": "sha512-+qIYRKdNYJwY3vRCZMdJbPLJAtGjQBudzZzdzwQYkEPQd+PJGixUL5QfvCLDaULoLv+RhT3LDkwEfKaAkgSmNQ==",
      "license": "MIT",
      "dependencies": {
        "undici-types": "~7.19.0"
      }
    },
    "node_modules/@types/ws": {
      "version": "8.18.1",
      "resolved": "https://registry.npmjs.org/@types/ws/-/ws-8.18.1.tgz",
      "integrity": "sha512-ThVF6DCVhA8kUGy+aazFQ4kXQ7E1Ty7A3ypFOe0IcJV8O/M511G99AW24irKrW56Wt44yG9+ij8FaqoBGkuBXg==",
      "license": "MIT",
      "dependencies": {
        "@types/node": "*"
      }
    },
    "node_modules/@uploadthing/mime-types": {
      "version": "0.3.6",
      "resolved": "https://registry.npmjs.org/@uploadthing/mime-types/-/mime-types-0.3.6.tgz",
      "integrity": "sha512-t3tTzgwFV9+1D7lNDYc7Lr7kBwotHaX0ZsvoCGe7xGnXKo9z0jG2Sjl/msll12FeoLj77nyhsxevXyGpQDBvLg==",
      "license": "MIT"
    },
    "node_modules/@uploadthing/shared": {
      "version": "7.1.10",
      "resolved": "https://registry.npmjs.org/@uploadthing/shared/-/shared-7.1.10.tgz",
      "integrity": "sha512-R/XSA3SfCVnLIzFpXyGaKPfbwlYlWYSTuGjTFHuJhdAomuBuhopAHLh2Ois5fJibAHzi02uP1QCKbgTAdmArqg==",
      "license": "MIT",
      "dependencies": {
        "@uploadthing/mime-types": "0.3.6",
        "effect": "3.17.7",
        "sqids": "^0.3.0"
      }
    },
    "node_modules/detect-libc": {
      "version": "2.1.2",
      "resolved": "https://registry.npmjs.org/detect-libc/-/detect-libc-2.1.2.tgz",
      "integrity": "sha512-Btj2BOOO83o3WyH59e8MgXsxEQVcarkUOpEYrubB0urwnN10yQ364rsiByU11nZlqWYZm05i/of7io4mzihBtQ==",
      "license": "Apache-2.0",
      "optional": true,
      "engines": {
        "node": ">=8"
      }
    },
    "node_modules/dotenv": {
      "version": "17.4.2",
      "resolved": "https://registry.npmjs.org/dotenv/-/dotenv-17.4.2.tgz",
      "integrity": "sha512-nI4U3TottKAcAD9LLud4Cb7b2QztQMUEfHbvhTH09bqXTxnSie8WnjPALV/WMCrJZ6UV/qHJ6L03OqO3LcdYZw==",
      "license": "BSD-2-Clause",
      "engines": {
        "node": ">=12"
      },
      "funding": {
        "url": "https://dotenvx.com"
      }
    },
    "node_modules/effect": {
      "version": "3.17.7",
      "resolved": "https://registry.npmjs.org/effect/-/effect-3.17.7.tgz",
      "integrity": "sha512-dpt0ONUn3zzAuul6k4nC/coTTw27AL5nhkORXgTi6NfMPzqWYa1M05oKmOMTxpVSTKepqXVcW9vIwkuaaqx9zA==",
      "license": "MIT",
      "dependencies": {
        "@standard-schema/spec": "^1.0.0",
        "fast-check": "^3.23.1"
      }
    },
    "node_modules/effect/node_modules/@standard-schema/spec": {
      "version": "1.1.0",
      "resolved": "https://registry.npmjs.org/@standard-schema/spec/-/spec-1.1.0.tgz",
      "integrity": "sha512-l2aFy5jALhniG5HgqrD6jXLi/rUWrKvqN/qJx6yoJsgKhblVd+iqqU4RCXavm/jPityDo5TCvKMnpjKnOriy0w==",
      "license": "MIT"
    },
    "node_modules/fast-check": {
      "version": "3.23.2",
      "resolved": "https://registry.npmjs.org/fast-check/-/fast-check-3.23.2.tgz",
      "integrity": "sha512-h5+1OzzfCC3Ef7VbtKdcv7zsstUQwUDlYpUTvjeUsJAssPgLn7QzbboPtL5ro04Mq0rPOsMzl7q5hIbRs2wD1A==",
      "funding": [
        {
          "type": "individual",
          "url": "https://github.com/sponsors/dubzzz"
        },
        {
          "type": "opencollective",
          "url": "https://opencollective.com/fast-check"
        }
      ],
      "license": "MIT",
      "dependencies": {
        "pure-rand": "^6.1.0"
      },
      "engines": {
        "node": ">=8.0.0"
      }
    },
    "node_modules/find-my-way-ts": {
      "version": "0.1.6",
      "resolved": "https://registry.npmjs.org/find-my-way-ts/-/find-my-way-ts-0.1.6.tgz",
      "integrity": "sha512-a85L9ZoXtNAey3Y6Z+eBWW658kO/MwR7zIafkIUPUMf3isZG0NCs2pjW2wtjxAKuJPxMAsHUIP4ZPGv0o5gyTA==",
      "license": "MIT"
    },
    "node_modules/iceberg-js": {
      "version": "0.8.1",
      "resolved": "https://registry.npmjs.org/iceberg-js/-/iceberg-js-0.8.1.tgz",
      "integrity": "sha512-1dhVQZXhcHje7798IVM+xoo/1ZdVfzOMIc8/rgVSijRK38EDqOJoGula9N/8ZI5RD8QTxNQtK/Gozpr+qUqRRA==",
      "license": "MIT",
      "engines": {
        "node": ">=20.0.0"
      }
    },
    "node_modules/msgpackr": {
      "version": "1.11.10",
      "resolved": "https://registry.npmjs.org/msgpackr/-/msgpackr-1.11.10.tgz",
      "integrity": "sha512-iCZNq+HszvF+fC3anCm4nBmWEnbeIAfpDs6IStAEKhQ2YSgkjzVG2FF9XJqwwQh5bH3N9OUTUt4QwVN6MLMLtA==",
      "license": "MIT",
      "optionalDependencies": {
        "msgpackr-extract": "^3.0.2"
      }
    },
    "node_modules/msgpackr-extract": {
      "version": "3.0.3",
      "resolved": "https://registry.npmjs.org/msgpackr-extract/-/msgpackr-extract-3.0.3.tgz",
      "integrity": "sha512-P0efT1C9jIdVRefqjzOQ9Xml57zpOXnIuS+csaB4MdZbTdmGDLo8XhzBG1N7aO11gKDDkJvBLULeFTo46wwreA==",
      "hasInstallScript": true,
      "license": "MIT",
      "optional": true,
      "dependencies": {
        "node-gyp-build-optional-packages": "5.2.2"
      },
      "bin": {
        "download-msgpackr-prebuilds": "bin/download-prebuilds.js"
      },
      "optionalDependencies": {
        "@msgpackr-extract/msgpackr-extract-darwin-arm64": "3.0.3",
        "@msgpackr-extract/msgpackr-extract-darwin-x64": "3.0.3",
        "@msgpackr-extract/msgpackr-extract-linux-arm": "3.0.3",
        "@msgpackr-extract/msgpackr-extract-linux-arm64": "3.0.3",
        "@msgpackr-extract/msgpackr-extract-linux-x64": "3.0.3",
        "@msgpackr-extract/msgpackr-extract-win32-x64": "3.0.3"
      }
    },
    "node_modules/multipasta": {
      "version": "0.2.7",
      "resolved": "https://registry.npmjs.org/multipasta/-/multipasta-0.2.7.tgz",
      "integrity": "sha512-KPA58d68KgGil15oDqXjkUBEBYc00XvbPj5/X+dyzeo/lWm9Nc25pQRlf1D+gv4OpK7NM0J1odrbu9JNNGvynA==",
      "license": "MIT"
    },
    "node_modules/node-gyp-build-optional-packages": {
      "version": "5.2.2",
      "resolved": "https://registry.npmjs.org/node-gyp-build-optional-packages/-/node-gyp-build-optional-packages-5.2.2.tgz",
      "integrity": "sha512-s+w+rBWnpTMwSFbaE0UXsRlg7hU4FjekKU4eyAih5T8nJuNZT1nNsskXpxmeqSK9UzkBl6UgRlnKc8hz8IEqOw==",
      "license": "MIT",
      "optional": true,
      "dependencies": {
        "detect-libc": "^2.0.1"
      },
      "bin": {
        "node-gyp-build-optional-packages": "bin.js",
        "node-gyp-build-optional-packages-optional": "optional.js",
        "node-gyp-build-optional-packages-test": "build-test.js"
      }
    },
    "node_modules/pure-rand": {
      "version": "6.1.0",
      "resolved": "https://registry.npmjs.org/pure-rand/-/pure-rand-6.1.0.tgz",
      "integrity": "sha512-bVWawvoZoBYpp6yIoQtQXHZjmz35RSVHnUOTefl8Vcjr8snTPY1wnpSPMWekcFwbxI6gtmT7rSYPFvz71ldiOA==",
      "funding": [
        {
          "type": "individual",
          "url": "https://github.com/sponsors/dubzzz"
        },
        {
          "type": "opencollective",
          "url": "https://opencollective.com/fast-check"
        }
      ],
      "license": "MIT"
    },
    "node_modules/sqids": {
      "version": "0.3.0",
      "resolved": "https://registry.npmjs.org/sqids/-/sqids-0.3.0.tgz",
      "integrity": "sha512-lOQK1ucVg+W6n3FhRwwSeUijxe93b51Bfz5PMRMihVf1iVkl82ePQG7V5vwrhzB11v0NtsR25PSZRGiSomJaJw==",
      "license": "MIT"
    },
    "node_modules/tslib": {
      "version": "2.8.1",
      "resolved": "https://registry.npmjs.org/tslib/-/tslib-2.8.1.tgz",
      "integrity": "sha512-oJFu94HQb+KVduSUQL7wnpmqnfmLsOA/nAh6b6EH0wCEoK0/mPeXU6c3wKDV83MkOuHPRHtSXKKU99IBazS/2w==",
      "license": "0BSD"
    },
    "node_modules/undici-types": {
      "version": "7.19.2",
      "resolved": "https://registry.npmjs.org/undici-types/-/undici-types-7.19.2.tgz",
      "integrity": "sha512-qYVnV5OEm2AW8cJMCpdV20CDyaN3g0AjDlOGf1OW4iaDEx8MwdtChUp4zu4H0VP3nDRF/8RKWH+IPp9uW0YGZg==",
      "license": "MIT"
    },
    "node_modules/uploadthing": {
      "version": "7.7.4",
      "resolved": "https://registry.npmjs.org/uploadthing/-/uploadthing-7.7.4.tgz",
      "integrity": "sha512-rlK/4JWHW5jP30syzWGBFDDXv3WJDdT8gn9OoxRJmXLoXi94hBmyyjxihGlNrKhBc81czyv8TkzMioe/OuKGfA==",
      "license": "MIT",
      "dependencies": {
        "@effect/platform": "0.90.3",
        "@standard-schema/spec": "1.0.0-beta.4",
        "@uploadthing/mime-types": "0.3.6",
        "@uploadthing/shared": "7.1.10",
        "effect": "3.17.7"
      },
      "engines": {
        "node": ">=18.13.0"
      },
      "peerDependencies": {
        "express": "*",
        "h3": "*",
        "tailwindcss": "^3.0.0 || ^4.0.0-beta.0"
      },
      "peerDependenciesMeta": {
        "express": {
          "optional": true
        },
        "fastify": {
          "optional": true
        },
        "h3": {
          "optional": true
        },
        "next": {
          "optional": true
        },
        "tailwindcss": {
          "optional": true
        }
      }
    },
    "node_modules/ws": {
      "version": "8.20.0",
      "resolved": "https://registry.npmjs.org/ws/-/ws-8.20.0.tgz",
      "integrity": "sha512-sAt8BhgNbzCtgGbt2OxmpuryO63ZoDk/sqaB/znQm94T4fCEsy/yV+7CdC1kJhOU9lboAEU7R3kquuycDoibVA==",
      "license": "MIT",
      "engines": {
        "node": ">=10.0.0"
      },
      "peerDependencies": {
        "bufferutil": "^4.0.1",
        "utf-8-validate": ">=5.0.2"
      },
      "peerDependenciesMeta": {
        "bufferutil": {
          "optional": true
        },
        "utf-8-validate": {
          "optional": true
        }
      }
    }
  }
}
